
Microsoft Visual Studio Solution File, Format Version 12.00
# Visual Studio Version 16
VisualStudioVersion = 16.0.34601.136
MinimumVisualStudioVersion = 10.0.40219.1
Project("{FAE04EC0-301F-11D3-BF4B-00C04F79EFBC}") = "CodeNameFormat-vs2019", "CodeNameFormat-vs2019.csproj", "{27CFAA4A-B08D-4C80-9F51-6268A6A55376}"
EndProject
Global
	GlobalSection(SolutionConfigurationPlatforms) = preSolution
		Debug|Any CPU = Debug|Any CPU
		Release|Any CPU = Release|Any CPU
	EndGlobalSection
	GlobalSection(ProjectConfigurationPlatforms) = postSolution
		{27CFAA4A-B08D-4C80-9F51-6268A6A55376}.Debug|Any CPU.ActiveCfg = Debug|Any CPU
		{27CFAA4A-B08D-4C80-9F51-6268A6A55376}.Debug|Any CPU.Build.0 = Debug|Any CPU
		{27CFAA4A-B08D-4C80-9F51-6268A6A55376}.Release|Any CPU.ActiveCfg = Release|Any CPU
		{27CFAA4A-B08D-4C80-9F51-6268A6A55376}.Release|Any CPU.Build.0 = Release|Any CPU
	EndGlobalSection
	GlobalSection(SolutionProperties) = preSolution
		HideSolutionNode = FALSE
	EndGlobalSection
	GlobalSection(ExtensibilityGlobals) = postSolution
		SolutionGuid = {AEE6DBB9-B60B-422D-8D09-B1A03C95D967}
	EndGlobalSection
EndGlobal
